
Microsoft Visual Studio Solution File, Format Version 12.00
# Visual Studio Version 16
VisualStudioVersion = 16.0.31702.278
MinimumVisualStudioVersion = 10.0.40219.1
Project("{8BC9CEB8-8B4A-11D0-8D11-00A0C91BC942}") = "5.4", "5.4\5.4.vcxproj", "{0A3B5EE3-719D-4500-8E71-6AD10759FA21}"
EndProject
Project("{8BC9CEB8-8B4A-11D0-8D11-00A0C91BC942}") = "UnitTest1", "UnitTest1\UnitTest1.vcxproj", "{B31B9AF3-3F11-4225-B274-AA1511429E01}"
EndProject
Global
	GlobalSection(SolutionConfigurationPlatforms) = preSolution
		Debug|x64 = Debug|x64
		Debug|x86 = Debug|x86
		Release|x64 = Release|x64
		Release|x86 = Release|x86
	EndGlobalSection
	GlobalSection(ProjectConfigurationPlatforms) = postSolution
		{0A3B5EE3-719D-4500-8E71-6AD10759FA21}.Debug|x64.ActiveCfg = Debug|x64
		{0A3B5EE3-719D-4500-8E71-6AD10759FA21}.Debug|x64.Build.0 = Debug|x64
		{0A3B5EE3-719D-4500-8E71-6AD10759FA21}.Debug|x86.ActiveCfg = Debug|Win32
		{0A3B5EE3-719D-4500-8E71-6AD10759FA21}.Debug|x86.Build.0 = Debug|Win32
		{0A3B5EE3-719D-4500-8E71-6AD10759FA21}.Release|x64.ActiveCfg = Release|x64
		{0A3B5EE3-719D-4500-8E71-6AD10759FA21}.Release|x64.Build.0 = Release|x64
		{0A3B5EE3-719D-4500-8E71-6AD10759FA21}.Release|x86.ActiveCfg = Release|Win32
		{0A3B5EE3-719D-4500-8E71-6AD10759FA21}.Release|x86.Build.0 = Release|Win32
		{B31B9AF3-3F11-4225-B274-AA1511429E01}.Debug|x64.ActiveCfg = Debug|x64
		{B31B9AF3-3F11-4225-B274-AA1511429E01}.Debug|x64.Build.0 = Debug|x64
		{B31B9AF3-3F11-4225-B274-AA1511429E01}.Debug|x86.ActiveCfg = Debug|Win32
		{B31B9AF3-3F11-4225-B274-AA1511429E01}.Debug|x86.Build.0 = Debug|Win32
		{B31B9AF3-3F11-4225-B274-AA1511429E01}.Release|x64.ActiveCfg = Release|x64
		{B31B9AF3-3F11-4225-B274-AA1511429E01}.Release|x64.Build.0 = Release|x64
		{B31B9AF3-3F11-4225-B274-AA1511429E01}.Release|x86.ActiveCfg = Release|Win32
		{B31B9AF3-3F11-4225-B274-AA1511429E01}.Release|x86.Build.0 = Release|Win32
	EndGlobalSection
	GlobalSection(SolutionProperties) = preSolution
		HideSolutionNode = FALSE
	EndGlobalSection
	GlobalSection(ExtensibilityGlobals) = postSolution
		SolutionGuid = {7B38FB9D-EB2D-432D-92B8-1540EB707DB5}
	EndGlobalSection
EndGlobal
